
Microsoft Visual Studio Solution File, Format Version 12.00
# Visual Studio Version 16
VisualStudioVersion = 16.0.30413.136
MinimumVisualStudioVersion = 10.0.40219.1
Project("{9A19103F-16F7-4668-BE54-9A1E7A4F7556}") = "ResourceApi", "ResourceApi\ResourceApi.csproj", "{3C76C508-9A4F-4683-9148-FBD2B2855BAD}"
EndProject
Project("{9A19103F-16F7-4668-BE54-9A1E7A4F7556}") = "ClientApp", "ClientApp\ClientApp.csproj", "{1EE99B10-EABE-4261-AE2A-820E4F9EA152}"
EndProject
Project("{FAE04EC0-301F-11D3-BF4B-00C04F79EFBC}") = "IdentityServer", "IdentityServer\IdentityServer.csproj", "{93D1ECF2-6D81-453C-A478-4EDD2E8CBF2E}"
EndProject
Global
	GlobalSection(SolutionConfigurationPlatforms) = preSolution
		Debug|Any CPU = Debug|Any CPU
		Release|Any CPU = Release|Any CPU
	EndGlobalSection
	GlobalSection(ProjectConfigurationPlatforms) = postSolution
		{3C76C508-9A4F-4683-9148-FBD2B2855BAD}.Debug|Any CPU.ActiveCfg = Debug|Any CPU
		{3C76C508-9A4F-4683-9148-FBD2B2855BAD}.Debug|Any CPU.Build.0 = Debug|Any CPU
		{3C76C508-9A4F-4683-9148-FBD2B2855BAD}.Release|Any CPU.ActiveCfg = Release|Any CPU
		{3C76C508-9A4F-4683-9148-FBD2B2855BAD}.Release|Any CPU.Build.0 = Release|Any CPU
		{1EE99B10-EABE-4261-AE2A-820E4F9EA152}.Debug|Any CPU.ActiveCfg = Debug|Any CPU
		{1EE99B10-EABE-4261-AE2A-820E4F9EA152}.Debug|Any CPU.Build.0 = Debug|Any CPU
		{1EE99B10-EABE-4261-AE2A-820E4F9EA152}.Release|Any CPU.ActiveCfg = Release|Any CPU
		{1EE99B10-EABE-4261-AE2A-820E4F9EA152}.Release|Any CPU.Build.0 = Release|Any CPU
		{93D1ECF2-6D81-453C-A478-4EDD2E8CBF2E}.Debug|Any CPU.ActiveCfg = Debug|Any CPU
		{93D1ECF2-6D81-453C-A478-4EDD2E8CBF2E}.Debug|Any CPU.Build.0 = Debug|Any CPU
		{93D1ECF2-6D81-453C-A478-4EDD2E8CBF2E}.Release|Any CPU.ActiveCfg = Release|Any CPU
		{93D1ECF2-6D81-453C-A478-4EDD2E8CBF2E}.Release|Any CPU.Build.0 = Release|Any CPU
	EndGlobalSection
	GlobalSection(SolutionProperties) = preSolution
		HideSolutionNode = FALSE
	EndGlobalSection
	GlobalSection(ExtensibilityGlobals) = postSolution
		SolutionGuid = {2AD25DBB-C18D-4053-85C9-911631182D5B}
	EndGlobalSection
EndGlobal
